// !$*UTF8*$!
{
	archiveVersion = 1;
	classes = {
	};
	objectVersion = 77;
	objects = {

/* Begin PBXBuildFile section */
		A6638F812F1C0FD60047FA8E /* Defaults in Frameworks */ = {isa = PBXBuildFile; productRef = A6638F802F1C0FD60047FA8E /* Defaults */; };
		A66D62D92F44069300B996E7 /* smc_power.framework in Frameworks */ = {isa = PBXBuildFile; fileRef = A66D62CE2F44067C00B996E7 /* smc_power.framework */; };
		A66D62DD2F44069900B996E7 /* smc_power.framework in Frameworks */ = {isa = PBXBuildFile; fileRef = A66D62CE2F44067C00B996E7 /* smc_power.framework */; };
		A66D62E22F44076F00B996E7 /* SMCKit in Frameworks */ = {isa = PBXBuildFile; productRef = A66D62E12F44076F00B996E7 /* SMCKit */; };
		A68B3E292F19ABCB00F115E4 /* helper.xpc in Embed XPC Services */ = {isa = PBXBuildFile; fileRef = A68B3E1E2F19ABCB00F115E4 /* helper.xpc */; settings = {ATTRIBUTES = (RemoveHeadersOnCopy, ); }; };
		A6AE19892F480D41003B09FA /* smc_power.framework in Frameworks */ = {isa = PBXBuildFile; fileRef = A66D62CE2F44067C00B996E7 /* smc_power.framework */; };
		A6AE198A2F480D41003B09FA /* smc_power.framework in Embed Frameworks */ = {isa = PBXBuildFile; fileRef = A66D62CE2F44067C00B996E7 /* smc_power.framework */; settings = {ATTRIBUTES = (RemoveHeadersOnCopy, ); }; };
		A6E6D7322F3A00000069CF9F /* charging-helper in Copy Helper Tools */ = {isa = PBXBuildFile; fileRef = A6E6D71E2F39DD350069CF9F /* charging-helper */; settings = {ATTRIBUTES = (CodeSignOnCopy, ); }; };
/* End PBXBuildFile section */

/* Begin PBXContainerItemProxy section */
		A66D62DB2F44069300B996E7 /* PBXContainerItemProxy */ = {
			isa = PBXContainerItemProxy;
			containerPortal = A68B3E042F19AB4B00F115E4 /* Project object */;
			proxyType = 1;
			remoteGlobalIDString = A66D62CD2F44067C00B996E7;
			remoteInfo = "smc-profiles";
		};
		A66D62DF2F44069900B996E7 /* PBXContainerItemProxy */ = {
			isa = PBXContainerItemProxy;
			containerPortal = A68B3E042F19AB4B00F115E4 /* Project object */;
			proxyType = 1;
			remoteGlobalIDString = A66D62CD2F44067C00B996E7;
			remoteInfo = "smc-profiles";
		};
		A68B3E272F19ABCB00F115E4 /* PBXContainerItemProxy */ = {
			isa = PBXContainerItemProxy;
			containerPortal = A68B3E042F19AB4B00F115E4 /* Project object */;
			proxyType = 1;
			remoteGlobalIDString = A68B3E1D2F19ABCB00F115E4;
			remoteInfo = helper;
		};
		A6AE198B2F480D41003B09FA /* PBXContainerItemProxy */ = {
			isa = PBXContainerItemProxy;
			containerPortal = A68B3E042F19AB4B00F115E4 /* Project object */;
			proxyType = 1;
			remoteGlobalIDString = A66D62CD2F44067C00B996E7;
			remoteInfo = "smc-power";
		};
		A6E6D7302F3A00000069CF9F /* PBXContainerItemProxy */ = {
			isa = PBXContainerItemProxy;
			containerPortal = A68B3E042F19AB4B00F115E4 /* Project object */;
			proxyType = 1;
			remoteGlobalIDString = A6E6D71D2F39DD350069CF9F;
			remoteInfo = "charging-helper";
		};
/* End PBXContainerItemProxy section */

/* Begin PBXCopyFilesBuildPhase section */
		A68B3E2E2F19ABCB00F115E4 /* Embed XPC Services */ = {
			isa = PBXCopyFilesBuildPhase;
			buildActionMask = 2147483647;
			dstPath = "$(CONTENTS_FOLDER_PATH)/XPCServices";
			dstSubfolderSpec = 16;
			files = (
				A68B3E292F19ABCB00F115E4 /* helper.xpc in Embed XPC Services */,
			);
			name = "Embed XPC Services";
			runOnlyForDeploymentPostprocessing = 0;
		};
		A6AE198D2F480D41003B09FA /* Embed Frameworks */ = {
			isa = PBXCopyFilesBuildPhase;
			buildActionMask = 2147483647;
			dstPath = "";
			dstSubfolderSpec = 10;
			files = (
				A6AE198A2F480D41003B09FA /* smc_power.framework in Embed Frameworks */,
			);
			name = "Embed Frameworks";
			runOnlyForDeploymentPostprocessing = 0;
		};
		A6E6D7332F3A00000069CF9F /* Copy Helper Tools */ = {
			isa = PBXCopyFilesBuildPhase;
			buildActionMask = 2147483647;
			dstPath = "$(CONTENTS_FOLDER_PATH)/Library/LaunchDaemons";
			dstSubfolderSpec = 16;
			files = (
				A6E6D7322F3A00000069CF9F /* charging-helper in Copy Helper Tools */,
			);
			name = "Copy Helper Tools";
			runOnlyForDeploymentPostprocessing = 0;
		};
/* End PBXCopyFilesBuildPhase section */

/* Begin PBXFileReference section */
		A66D62CE2F44067C00B996E7 /* smc_power.framework */ = {isa = PBXFileReference; explicitFileType = wrapper.framework; includeInIndex = 0; path = smc_power.framework; sourceTree = BUILT_PRODUCTS_DIR; };
		A68B3E0C2F19AB4B00F115E4 /* stasis.app */ = {isa = PBXFileReference; explicitFileType = wrapper.application; includeInIndex = 0; path = stasis.app; sourceTree = BUILT_PRODUCTS_DIR; };
		A68B3E1E2F19ABCB00F115E4 /* helper.xpc */ = {isa = PBXFileReference; explicitFileType = "wrapper.xpc-service"; includeInIndex = 0; path = helper.xpc; sourceTree = BUILT_PRODUCTS_DIR; };
		A6E6D71E2F39DD350069CF9F /* charging-helper */ = {isa = PBXFileReference; explicitFileType = "compiled.mach-o.executable"; includeInIndex = 0; path = "charging-helper"; sourceTree = BUILT_PRODUCTS_DIR; };
/* End PBXFileReference section */

/* Begin PBXFileSystemSynchronizedBuildFileExceptionSet section */
		A6AE1A372F484C94003B09FA /* Exceptions for "Helper" folder in "stasis" target */ = {
			isa = PBXFileSystemSynchronizedBuildFileExceptionSet;
			membershipExceptions = (
				HelperProtocol.swift,
			);
			target = A68B3E0B2F19AB4B00F115E4 /* stasis */;
		};
		A6E6D7352F3A00000069CF9F /* Exceptions for "ChargingHelper" folder in "stasis" target */ = {
			isa = PBXFileSystemSynchronizedBuildFileExceptionSet;
			membershipExceptions = (
				ChargingHelperProtocol.swift,
			);
			target = A68B3E0B2F19AB4B00F115E4 /* stasis */;
		};
/* End PBXFileSystemSynchronizedBuildFileExceptionSet section */

/* Begin PBXFileSystemSynchronizedRootGroup section */
		A66D62CF2F44067C00B996E7 /* SMCPower */ = {
			isa = PBXFileSystemSynchronizedRootGroup;
			path = SMCPower;
			sourceTree = "<group>";
		};
		A68B3E0E2F19AB4B00F115E4 /* Stasis */ = {
			isa = PBXFileSystemSynchronizedRootGroup;
			path = Stasis;
			sourceTree = "<group>";
		};
		A68B3E1F2F19ABCB00F115E4 /* Helper */ = {
			isa = PBXFileSystemSynchronizedRootGroup;
			exceptions = (
				A6AE1A372F484C94003B09FA /* Exceptions for "Helper" folder in "stasis" target */,
			);
			path = Helper;
			sourceTree = "<group>";
		};
		A6E6D71F2F39DD350069CF9F /* ChargingHelper */ = {
			isa = PBXFileSystemSynchronizedRootGroup;
			exceptions = (
				A6E6D7352F3A00000069CF9F /* Exceptions for "ChargingHelper" folder in "stasis" target */,
			);
			path = ChargingHelper;
			sourceTree = "<group>";
		};
/* End PBXFileSystemSynchronizedRootGroup section */

/* Begin PBXFrameworksBuildPhase section */
		A66D62CB2F44067C00B996E7 /* Frameworks */ = {
			isa = PBXFrameworksBuildPhase;
			buildActionMask = 2147483647;
			files = (
				A66D62E22F44076F00B996E7 /* SMCKit in Frameworks */,
			);
			runOnlyForDeploymentPostprocessing = 0;
		};
		A68B3E092F19AB4B00F115E4 /* Frameworks */ = {
			isa = PBXFrameworksBuildPhase;
			buildActionMask = 2147483647;
			files = (
				A6AE19892F480D41003B09FA /* smc_power.framework in Frameworks */,
				A6638F812F1C0FD60047FA8E /* Defaults in Frameworks */,
			);
			runOnlyForDeploymentPostprocessing = 0;
		};
		A68B3E1B2F19ABCB00F115E4 /* Frameworks */ = {
			isa = PBXFrameworksBuildPhase;
			buildActionMask = 2147483647;
			files = (
				A66D62DD2F44069900B996E7 /* smc_power.framework in Frameworks */,
			);
			runOnlyForDeploymentPostprocessing = 0;
		};
		A6E6D71B2F39DD350069CF9F /* Frameworks */ = {
			isa = PBXFrameworksBuildPhase;
			buildActionMask = 2147483647;
			files = (
				A66D62D92F44069300B996E7 /* smc_power.framework in Frameworks */,
			);
			runOnlyForDeploymentPostprocessing = 0;
		};
/* End PBXFrameworksBuildPhase section */

/* Begin PBXGroup section */
		A68B3E032F19AB4B00F115E4 = {
			isa = PBXGroup;
			children = (
				A68B3E0E2F19AB4B00F115E4 /* Stasis */,
				A68B3E1F2F19ABCB00F115E4 /* Helper */,
				A6E6D71F2F39DD350069CF9F /* ChargingHelper */,
				A66D62CF2F44067C00B996E7 /* SMCPower */,
				A68B3E532F1A942600F115E4 /* Frameworks */,
				A68B3E0D2F19AB4B00F115E4 /* Products */,
			);
			sourceTree = "<group>";
		};
		A68B3E0D2F19AB4B00F115E4 /* Products */ = {
			isa = PBXGroup;
			children = (
				A68B3E0C2F19AB4B00F115E4 /* stasis.app */,
				A68B3E1E2F19ABCB00F115E4 /* helper.xpc */,
				A6E6D71E2F39DD350069CF9F /* charging-helper */,
				A66D62CE2F44067C00B996E7 /* smc_power.framework */,
			);
			name = Products;
			sourceTree = "<group>";
		};
		A68B3E532F1A942600F115E4 /* Frameworks */ = {
			isa = PBXGroup;
			children = (
			);
			name = Frameworks;
			sourceTree = "<group>";
		};
/* End PBXGroup section */

/* Begin PBXHeadersBuildPhase section */
		A66D62C92F44067C00B996E7 /* Headers */ = {
			isa = PBXHeadersBuildPhase;
			buildActionMask = 2147483647;
			files = (
			);
			runOnlyForDeploymentPostprocessing = 0;
		};
/* End PBXHeadersBuildPhase section */

/* Begin PBXNativeTarget section */
		A66D62CD2F44067C00B996E7 /* smc-power */ = {
			isa = PBXNativeTarget;
			buildConfigurationList = A66D62D62F44067C00B996E7 /* Build configuration list for PBXNativeTarget "smc-power" */;
			buildPhases = (
				A66D62C92F44067C00B996E7 /* Headers */,
				A66D62CA2F44067C00B996E7 /* Sources */,
				A66D62CB2F44067C00B996E7 /* Frameworks */,
				A66D62CC2F44067C00B996E7 /* Resources */,
			);
			buildRules = (
			);
			dependencies = (
			);
			fileSystemSynchronizedGroups = (
				A66D62CF2F44067C00B996E7 /* SMCPower */,
			);
			name = "smc-power";
			packageProductDependencies = (
				A66D62E12F44076F00B996E7 /* SMCKit */,
			);
			productName = "smc-profiles";
			productReference = A66D62CE2F44067C00B996E7 /* smc_power.framework */;
			productType = "com.apple.product-type.framework";
		};
		A68B3E0B2F19AB4B00F115E4 /* stasis */ = {
			isa = PBXNativeTarget;
			buildConfigurationList = A68B3E172F19AB4C00F115E4 /* Build configuration list for PBXNativeTarget "stasis" */;
			buildPhases = (
				A68B3E082F19AB4B00F115E4 /* Sources */,
				A68B3E092F19AB4B00F115E4 /* Frameworks */,
				A68B3E0A2F19AB4B00F115E4 /* Resources */,
				A68B3E2E2F19ABCB00F115E4 /* Embed XPC Services */,
				A6E6D7332F3A00000069CF9F /* Copy Helper Tools */,
				A6E6D7342F3A00000069CF9F /* Copy LaunchDaemon Plist */,
				A6AE198D2F480D41003B09FA /* Embed Frameworks */,
			);
			buildRules = (
			);
			dependencies = (
				A68B3E282F19ABCB00F115E4 /* PBXTargetDependency */,
				A6E6D7312F3A00000069CF9F /* PBXTargetDependency */,
				A6AE198C2F480D41003B09FA /* PBXTargetDependency */,
			);
			fileSystemSynchronizedGroups = (
				A68B3E0E2F19AB4B00F115E4 /* Stasis */,
			);
			name = stasis;
			packageProductDependencies = (
				A6638F802F1C0FD60047FA8E /* Defaults */,
			);
			productName = stasis;
			productReference = A68B3E0C2F19AB4B00F115E4 /* stasis.app */;
			productType = "com.apple.product-type.application";
		};
		A68B3E1D2F19ABCB00F115E4 /* helper */ = {
			isa = PBXNativeTarget;
			buildConfigurationList = A68B3E2B2F19ABCB00F115E4 /* Build configuration list for PBXNativeTarget "helper" */;
			buildPhases = (
				A68B3E1A2F19ABCB00F115E4 /* Sources */,
				A68B3E1B2F19ABCB00F115E4 /* Frameworks */,
				A68B3E1C2F19ABCB00F115E4 /* Resources */,
			);
			buildRules = (
			);
			dependencies = (
				A66D62E02F44069900B996E7 /* PBXTargetDependency */,
			);
			fileSystemSynchronizedGroups = (
				A68B3E1F2F19ABCB00F115E4 /* Helper */,
			);
			name = helper;
			packageProductDependencies = (
			);
			productName = helper;
			productReference = A68B3E1E2F19ABCB00F115E4 /* helper.xpc */;
			productType = "com.apple.product-type.xpc-service";
		};
		A6E6D71D2F39DD350069CF9F /* charging-helper */ = {
			isa = PBXNativeTarget;
			buildConfigurationList = A6E6D7222F39DD350069CF9F /* Build configuration list for PBXNativeTarget "charging-helper" */;
			buildPhases = (
				A6E6D71A2F39DD350069CF9F /* Sources */,
				A6E6D71B2F39DD350069CF9F /* Frameworks */,
			);
			buildRules = (
			);
			dependencies = (
				A66D62DC2F44069300B996E7 /* PBXTargetDependency */,
			);
			fileSystemSynchronizedGroups = (
				A6E6D71F2F39DD350069CF9F /* ChargingHelper */,
			);
			name = "charging-helper";
			packageProductDependencies = (
			);
			productName = "charging-helper";
			productReference = A6E6D71E2F39DD350069CF9F /* charging-helper */;
			productType = "com.apple.product-type.tool";
		};
/* End PBXNativeTarget section */

/* Begin PBXProject section */
		A68B3E042F19AB4B00F115E4 /* Project object */ = {
			isa = PBXProject;
			attributes = {
				BuildIndependentTargetsInParallel = 1;
				LastSwiftUpdateCheck = 2620;
				LastUpgradeCheck = 2620;
				TargetAttributes = {
					A66D62CD2F44067C00B996E7 = {
						CreatedOnToolsVersion = 26.2;
					};
					A68B3E0B2F19AB4B00F115E4 = {
						CreatedOnToolsVersion = 26.2;
					};
					A68B3E1D2F19ABCB00F115E4 = {
						CreatedOnToolsVersion = 26.2;
					};
					A6E6D71D2F39DD350069CF9F = {
						CreatedOnToolsVersion = 26.2;
					};
				};
			};
			buildConfigurationList = A68B3E072F19AB4B00F115E4 /* Build configuration list for PBXProject "stasis" */;
			developmentRegion = en;
			hasScannedForEncodings = 0;
			knownRegions = (
				en,
				Base,
				es,
				"es-US",
				de,
			);
			mainGroup = A68B3E032F19AB4B00F115E4;
			minimizedProjectReferenceProxies = 1;
			packageReferences = (
				A6638F7F2F1C0FD60047FA8E /* XCRemoteSwiftPackageReference "Defaults" */,
				A6ECE4EC2F39E247007F3EDF /* XCRemoteSwiftPackageReference "SMCKit" */,
			);
			preferredProjectObjectVersion = 77;
			productRefGroup = A68B3E0D2F19AB4B00F115E4 /* Products */;
			projectDirPath = "";
			projectRoot = "";
			targets = (
				A68B3E0B2F19AB4B00F115E4 /* stasis */,
				A68B3E1D2F19ABCB00F115E4 /* helper */,
				A6E6D71D2F39DD350069CF9F /* charging-helper */,
				A66D62CD2F44067C00B996E7 /* smc-power */,
			);
		};
/* End PBXProject section */

/* Begin PBXResourcesBuildPhase section */
		A66D62CC2F44067C00B996E7 /* Resources */ = {
			isa = PBXResourcesBuildPhase;
			buildActionMask = 2147483647;
			files = (
			);
			runOnlyForDeploymentPostprocessing = 0;
		};
		A68B3E0A2F19AB4B00F115E4 /* Resources */ = {
			isa = PBXResourcesBuildPhase;
			buildActionMask = 2147483647;
			files = (
			);
			runOnlyForDeploymentPostprocessing = 0;
		};
		A68B3E1C2F19ABCB00F115E4 /* Resources */ = {
			isa = PBXResourcesBuildPhase;
			buildActionMask = 2147483647;
			files = (
			);
			runOnlyForDeploymentPostprocessing = 0;
		};
/* End PBXResourcesBuildPhase section */

/* Begin PBXShellScriptBuildPhase section */
		A6E6D7342F3A00000069CF9F /* Copy LaunchDaemon Plist */ = {
			isa = PBXShellScriptBuildPhase;
			buildActionMask = 2147483647;
			files = (
			);
			inputPaths = (
				"$(SRCROOT)/ChargingHelper/com.srimanachanta.stasis.charging-helper.plist",
			);
			name = "Copy LaunchDaemon Plist";
			outputPaths = (
				"$(BUILT_PRODUCTS_DIR)/$(CONTENTS_FOLDER_PATH)/Library/LaunchDaemons/com.srimanachanta.stasis.charging-helper.plist",
			);
			runOnlyForDeploymentPostprocessing = 0;
			shellPath = /bin/sh;
			shellScript = "mkdir -p \"${BUILT_PRODUCTS_DIR}/${CONTENTS_FOLDER_PATH}/Library/LaunchDaemons\"\ncp \"${SRCROOT}/ChargingHelper/com.srimanachanta.stasis.charging-helper.plist\" \"${BUILT_PRODUCTS_DIR}/${CONTENTS_FOLDER_PATH}/Library/LaunchDaemons/\"\n";
		};
/* End PBXShellScriptBuildPhase section */

/* Begin PBXSourcesBuildPhase section */
		A66D62CA2F44067C00B996E7 /* Sources */ = {
			isa = PBXSourcesBuildPhase;
			buildActionMask = 2147483647;
			files = (
			);
			runOnlyForDeploymentPostprocessing = 0;
		};
		A68B3E082F19AB4B00F115E4 /* Sources */ = {
			isa = PBXSourcesBuildPhase;
			buildActionMask = 2147483647;
			files = (
			);
			runOnlyForDeploymentPostprocessing = 0;
		};
		A68B3E1A2F19ABCB00F115E4 /* Sources */ = {
			isa = PBXSourcesBuildPhase;
			buildActionMask = 2147483647;
			files = (
			);
			runOnlyForDeploymentPostprocessing = 0;
		};
		A6E6D71A2F39DD350069CF9F /* Sources */ = {
			isa = PBXSourcesBuildPhase;
			buildActionMask = 2147483647;
			files = (
			);
			runOnlyForDeploymentPostprocessing = 0;
		};
/* End PBXSourcesBuildPhase section */

/* Begin PBXTargetDependency section */
		A66D62DC2F44069300B996E7 /* PBXTargetDependency */ = {
			isa = PBXTargetDependency;
			target = A66D62CD2F44067C00B996E7 /* smc-power */;
			targetProxy = A66D62DB2F44069300B996E7 /* PBXContainerItemProxy */;
		};
		A66D62E02F44069900B996E7 /* PBXTargetDependency */ = {
			isa = PBXTargetDependency;
			target = A66D62CD2F44067C00B996E7 /* smc-power */;
			targetProxy = A66D62DF2F44069900B996E7 /* PBXContainerItemProxy */;
		};
		A68B3E282F19ABCB00F115E4 /* PBXTargetDependency */ = {
			isa = PBXTargetDependency;
			target = A68B3E1D2F19ABCB00F115E4 /* helper */;
			targetProxy = A68B3E272F19ABCB00F115E4 /* PBXContainerItemProxy */;
		};
		A6AE198C2F480D41003B09FA /* PBXTargetDependency */ = {
			isa = PBXTargetDependency;
			target = A66D62CD2F44067C00B996E7 /* smc-power */;
			targetProxy = A6AE198B2F480D41003B09FA /* PBXContainerItemProxy */;
		};
		A6E6D7312F3A00000069CF9F /* PBXTargetDependency */ = {
			isa = PBXTargetDependency;
			target = A6E6D71D2F39DD350069CF9F /* charging-helper */;
			targetProxy = A6E6D7302F3A00000069CF9F /* PBXContainerItemProxy */;
		};
/* End PBXTargetDependency section */

/* Begin XCBuildConfiguration section */
		A66D62D72F44067C00B996E7 /* Debug */ = {
			isa = XCBuildConfiguration;
			buildSettings = {
				BUILD_LIBRARY_FOR_DISTRIBUTION = NO;
				CODE_SIGN_STYLE = Automatic;
				COMBINE_HIDPI_IMAGES = YES;
				CURRENT_PROJECT_VERSION = 1;
				DEVELOPMENT_TEAM = "";
				DYLIB_COMPATIBILITY_VERSION = 1;
				DYLIB_CURRENT_VERSION = 1;
				DYLIB_INSTALL_NAME_BASE = "@rpath";
				ENABLE_MODULE_VERIFIER = YES;
				ENABLE_USER_SCRIPT_SANDBOXING = YES;
				GENERATE_INFOPLIST_FILE = YES;
				INFOPLIST_KEY_NSHumanReadableCopyright = "";
				INSTALL_PATH = "$(LOCAL_LIBRARY_DIR)/Frameworks";
				LD_RUNPATH_SEARCH_PATHS = (
					"$(inherited)",
					"@executable_path/../Frameworks",
					"@loader_path/Frameworks",
				);
				MACOSX_DEPLOYMENT_TARGET = 14.8;
				MARKETING_VERSION = 1.0;
				MODULE_VERIFIER_SUPPORTED_LANGUAGES = "objective-c objective-c++";
				MODULE_VERIFIER_SUPPORTED_LANGUAGE_STANDARDS = "gnu17 gnu++20";
				PRODUCT_BUNDLE_IDENTIFIER = "com.srimanachanta.stasis.smc-profiles";
				PRODUCT_NAME = "$(TARGET_NAME:c99extidentifier)";
				SKIP_INSTALL = YES;
				STRING_CATALOG_GENERATE_SYMBOLS = YES;
				SWIFT_APPROACHABLE_CONCURRENCY = YES;
				SWIFT_EMIT_LOC_STRINGS = YES;
				SWIFT_INSTALL_MODULE = YES;
				SWIFT_INSTALL_OBJC_HEADER = NO;
				SWIFT_UPCOMING_FEATURE_MEMBER_IMPORT_VISIBILITY = YES;
				SWIFT_VERSION = 5.0;
				VERSIONING_SYSTEM = "apple-generic";
				VERSION_INFO_PREFIX = "";
			};
			name = Debug;
		};
		A66D62D82F44067C00B996E7 /* Release */ = {
			isa = XCBuildConfiguration;
			buildSettings = {
				BUILD_LIBRARY_FOR_DISTRIBUTION = NO;
				CODE_SIGN_STYLE = Automatic;
				COMBINE_HIDPI_IMAGES = YES;
				CURRENT_PROJECT_VERSION = 1;
				DEVELOPMENT_TEAM = "";
				DYLIB_COMPATIBILITY_VERSION = 1;
				DYLIB_CURRENT_VERSION = 1;
				DYLIB_INSTALL_NAME_BASE = "@rpath";
				ENABLE_MODULE_VERIFIER = YES;
				ENABLE_USER_SCRIPT_SANDBOXING = YES;
				GENERATE_INFOPLIST_FILE = YES;
				INFOPLIST_KEY_NSHumanReadableCopyright = "";
				INSTALL_PATH = "$(LOCAL_LIBRARY_DIR)/Frameworks";
				LD_RUNPATH_SEARCH_PATHS = (
					"$(inherited)",
					"@executable_path/../Frameworks",
					"@loader_path/Frameworks",
				);
				MACOSX_DEPLOYMENT_TARGET = 14.8;
				MARKETING_VERSION = 1.0;
				MODULE_VERIFIER_SUPPORTED_LANGUAGES = "objective-c objective-c++";
				MODULE_VERIFIER_SUPPORTED_LANGUAGE_STANDARDS = "gnu17 gnu++20";
				PRODUCT_BUNDLE_IDENTIFIER = "com.srimanachanta.stasis.smc-profiles";
				PRODUCT_NAME = "$(TARGET_NAME:c99extidentifier)";
				SKIP_INSTALL = YES;
				STRING_CATALOG_GENERATE_SYMBOLS = YES;
				SWIFT_APPROACHABLE_CONCURRENCY = YES;
				SWIFT_EMIT_LOC_STRINGS = YES;
				SWIFT_INSTALL_MODULE = YES;
				SWIFT_INSTALL_OBJC_HEADER = NO;
				SWIFT_UPCOMING_FEATURE_MEMBER_IMPORT_VISIBILITY = YES;
				SWIFT_VERSION = 5.0;
				VERSIONING_SYSTEM = "apple-generic";
				VERSION_INFO_PREFIX = "";
			};
			name = Release;
		};
		A68B3E152F19AB4C00F115E4 /* Debug */ = {
			isa = XCBuildConfiguration;
			buildSettings = {
				ALWAYS_SEARCH_USER_PATHS = NO;
				ARCHS = arm64;
				ASSETCATALOG_COMPILER_GENERATE_SWIFT_ASSET_SYMBOL_EXTENSIONS = YES;
				CLANG_ANALYZER_NONNULL = YES;
				CLANG_ANALYZER_NUMBER_OBJECT_CONVERSION = YES_AGGRESSIVE;
				CLANG_CXX_LANGUAGE_STANDARD = "gnu++20";
				CLANG_ENABLE_MODULES = YES;
				CLANG_ENABLE_OBJC_ARC = YES;
				CLANG_ENABLE_OBJC_WEAK = YES;
				CLANG_WARN_BLOCK_CAPTURE_AUTORELEASING = YES;
				CLANG_WARN_BOOL_CONVERSION = YES;
				CLANG_WARN_COMMA = YES;
				CLANG_WARN_CONSTANT_CONVERSION = YES;
				CLANG_WARN_DEPRECATED_OBJC_IMPLEMENTATIONS = YES;
				CLANG_WARN_DIRECT_OBJC_ISA_USAGE = YES_ERROR;
				CLANG_WARN_DOCUMENTATION_COMMENTS = YES;
				CLANG_WARN_EMPTY_BODY = YES;
				CLANG_WARN_ENUM_CONVERSION = YES;
				CLANG_WARN_INFINITE_RECURSION = YES;
				CLANG_WARN_INT_CONVERSION = YES;
				CLANG_WARN_NON_LITERAL_NULL_CONVERSION = YES;
				CLANG_WARN_OBJC_IMPLICIT_RETAIN_SELF = YES;
				CLANG_WARN_OBJC_LITERAL_CONVERSION = YES;
				CLANG_WARN_OBJC_ROOT_CLASS = YES_ERROR;
				CLANG_WARN_QUOTED_INCLUDE_IN_FRAMEWORK_HEADER = YES;
				CLANG_WARN_RANGE_LOOP_ANALYSIS = YES;
				CLANG_WARN_STRICT_PROTOTYPES = YES;
				CLANG_WARN_SUSPICIOUS_MOVE = YES;
				CLANG_WARN_UNGUARDED_AVAILABILITY = YES_AGGRESSIVE;
				CLANG_WARN_UNREACHABLE_CODE = YES;
				CLANG_WARN__DUPLICATE_METHOD_MATCH = YES;
				COPY_PHASE_STRIP = NO;
				DEBUG_INFORMATION_FORMAT = dwarf;
				DEVELOPMENT_TEAM = 447GJ83BJ5;
				ENABLE_STRICT_OBJC_MSGSEND = YES;
				ENABLE_TESTABILITY = YES;
				ENABLE_USER_SCRIPT_SANDBOXING = NO;
				EXCLUDED_ARCHS = x86_64;
				GCC_C_LANGUAGE_STANDARD = gnu17;
				GCC_DYNAMIC_NO_PIC = NO;
				GCC_NO_COMMON_BLOCKS = YES;
				GCC_OPTIMIZATION_LEVEL = 0;
				GCC_PREPROCESSOR_DEFINITIONS = (
					"DEBUG=1",
					"$(inherited)",
				);
				GCC_WARN_64_TO_32_BIT_CONVERSION = YES;
				GCC_WARN_ABOUT_RETURN_TYPE = YES_ERROR;
				GCC_WARN_UNDECLARED_SELECTOR = YES;
				GCC_WARN_UNINITIALIZED_AUTOS = YES_AGGRESSIVE;
				GCC_WARN_UNUSED_FUNCTION = YES;
				GCC_WARN_UNUSED_VARIABLE = YES;
				LOCALIZATION_PREFERS_STRING_CATALOGS = YES;
				MACOSX_DEPLOYMENT_TARGET = 15.7;
				MTL_ENABLE_DEBUG_INFO = INCLUDE_SOURCE;
				MTL_FAST_MATH = YES;
				ONLY_ACTIVE_ARCH = YES;
				SDKROOT = macosx;
				SWIFT_ACTIVE_COMPILATION_CONDITIONS = "DEBUG $(inherited)";
				SWIFT_EMIT_LOC_STRINGS = YES;
				SWIFT_OPTIMIZATION_LEVEL = "-Onone";
				SWIFT_VERSION = 6.0;
			};
			name = Debug;
		};
		A68B3E162F19AB4C00F115E4 /* Release */ = {
			isa = XCBuildConfiguration;
			buildSettings = {
				ALWAYS_SEARCH_USER_PATHS = NO;
				ARCHS = arm64;
				ASSETCATALOG_COMPILER_GENERATE_SWIFT_ASSET_SYMBOL_EXTENSIONS = YES;
				CLANG_ANALYZER_NONNULL = YES;
				CLANG_ANALYZER_NUMBER_OBJECT_CONVERSION = YES_AGGRESSIVE;
				CLANG_CXX_LANGUAGE_STANDARD = "gnu++20";
				CLANG_ENABLE_MODULES = YES;
				CLANG_ENABLE_OBJC_ARC = YES;
				CLANG_ENABLE_OBJC_WEAK = YES;
				CLANG_WARN_BLOCK_CAPTURE_AUTORELEASING = YES;
				CLANG_WARN_BOOL_CONVERSION = YES;
				CLANG_WARN_COMMA = YES;
				CLANG_WARN_CONSTANT_CONVERSION = YES;
				CLANG_WARN_DEPRECATED_OBJC_IMPLEMENTATIONS = YES;
				CLANG_WARN_DIRECT_OBJC_ISA_USAGE = YES_ERROR;
				CLANG_WARN_DOCUMENTATION_COMMENTS = YES;
				CLANG_WARN_EMPTY_BODY = YES;
				CLANG_WARN_ENUM_CONVERSION = YES;
				CLANG_WARN_INFINITE_RECURSION = YES;
				CLANG_WARN_INT_CONVERSION = YES;
				CLANG_WARN_NON_LITERAL_NULL_CONVERSION = YES;
				CLANG_WARN_OBJC_IMPLICIT_RETAIN_SELF = YES;
				CLANG_WARN_OBJC_LITERAL_CONVERSION = YES;
				CLANG_WARN_OBJC_ROOT_CLASS = YES_ERROR;
				CLANG_WARN_QUOTED_INCLUDE_IN_FRAMEWORK_HEADER = YES;
				CLANG_WARN_RANGE_LOOP_ANALYSIS = YES;
				CLANG_WARN_STRICT_PROTOTYPES = YES;
				CLANG_WARN_SUSPICIOUS_MOVE = YES;
				CLANG_WARN_UNGUARDED_AVAILABILITY = YES_AGGRESSIVE;
				CLANG_WARN_UNREACHABLE_CODE = YES;
				CLANG_WARN__DUPLICATE_METHOD_MATCH = YES;
				COPY_PHASE_STRIP = NO;
				DEBUG_INFORMATION_FORMAT = "dwarf-with-dsym";
				DEVELOPMENT_TEAM = 447GJ83BJ5;
				ENABLE_NS_ASSERTIONS = NO;
				ENABLE_STRICT_OBJC_MSGSEND = YES;
				ENABLE_USER_SCRIPT_SANDBOXING = NO;
				EXCLUDED_ARCHS = x86_64;
				GCC_C_LANGUAGE_STANDARD = gnu17;
				GCC_NO_COMMON_BLOCKS = YES;
				GCC_WARN_64_TO_32_BIT_CONVERSION = YES;
				GCC_WARN_ABOUT_RETURN_TYPE = YES_ERROR;
				GCC_WARN_UNDECLARED_SELECTOR = YES;
				GCC_WARN_UNINITIALIZED_AUTOS = YES_AGGRESSIVE;
				GCC_WARN_UNUSED_FUNCTION = YES;
				GCC_WARN_UNUSED_VARIABLE = YES;
				LOCALIZATION_PREFERS_STRING_CATALOGS = YES;
				MACOSX_DEPLOYMENT_TARGET = 15.7;
				MTL_ENABLE_DEBUG_INFO = NO;
				MTL_FAST_MATH = YES;
				SDKROOT = macosx;
				SWIFT_COMPILATION_MODE = wholemodule;
				SWIFT_EMIT_LOC_STRINGS = YES;
				SWIFT_VERSION = 6.0;
			};
			name = Release;
		};
		A68B3E182F19AB4C00F115E4 /* Debug */ = {
			isa = XCBuildConfiguration;
			buildSettings = {
				ASSETCATALOG_COMPILER_APPICON_NAME = AppIcon;
				ASSETCATALOG_COMPILER_GLOBAL_ACCENT_COLOR_NAME = AccentColor;
				CODE_SIGN_STYLE = Automatic;
				COMBINE_HIDPI_IMAGES = YES;
				CURRENT_PROJECT_VERSION = 1;
				DEVELOPMENT_TEAM = "";
				ENABLE_APP_SANDBOX = NO;
				ENABLE_HARDENED_RUNTIME = YES;
				ENABLE_PREVIEWS = YES;
				GENERATE_INFOPLIST_FILE = YES;
				INFOPLIST_KEY_CFBundleDisplayName = Stasis;
				INFOPLIST_KEY_LSApplicationCategoryType = "public.app-category.utilities";
				INFOPLIST_KEY_LSUIElement = YES;
				INFOPLIST_KEY_NSHumanReadableCopyright = "";
				LD_RUNPATH_SEARCH_PATHS = (
					"$(inherited)",
					"@executable_path/../Frameworks",
				);
				MACOSX_DEPLOYMENT_TARGET = 14.8;
				MARKETING_VERSION = 1.0;
				PRODUCT_BUNDLE_IDENTIFIER = com.srimanachanta.stasis;
				PRODUCT_NAME = "$(TARGET_NAME)";
				REGISTER_APP_GROUPS = YES;
				STRING_CATALOG_GENERATE_SYMBOLS = YES;
				SWIFT_APPROACHABLE_CONCURRENCY = YES;
				SWIFT_DEFAULT_ACTOR_ISOLATION = MainActor;
				SWIFT_EMIT_LOC_STRINGS = YES;
				SWIFT_UPCOMING_FEATURE_MEMBER_IMPORT_VISIBILITY = YES;
				SWIFT_VERSION = 6.0;
			};
			name = Debug;
		};
		A68B3E192F19AB4C00F115E4 /* Release */ = {
			isa = XCBuildConfiguration;
			buildSettings = {
				ASSETCATALOG_COMPILER_APPICON_NAME = AppIcon;
				ASSETCATALOG_COMPILER_GLOBAL_ACCENT_COLOR_NAME = AccentColor;
				CODE_SIGN_STYLE = Automatic;
				COMBINE_HIDPI_IMAGES = YES;
				CURRENT_PROJECT_VERSION = 1;
				DEVELOPMENT_TEAM = "";
				ENABLE_APP_SANDBOX = NO;
				ENABLE_HARDENED_RUNTIME = YES;
				ENABLE_PREVIEWS = YES;
				GENERATE_INFOPLIST_FILE = YES;
				INFOPLIST_KEY_CFBundleDisplayName = Stasis;
				INFOPLIST_KEY_LSApplicationCategoryType = "public.app-category.utilities";
				INFOPLIST_KEY_LSUIElement = YES;
				INFOPLIST_KEY_NSHumanReadableCopyright = "";
				LD_RUNPATH_SEARCH_PATHS = (
					"$(inherited)",
					"@executable_path/../Frameworks",
				);
				MACOSX_DEPLOYMENT_TARGET = 14.8;
				MARKETING_VERSION = 1.0;
				PRODUCT_BUNDLE_IDENTIFIER = com.srimanachanta.stasis;
				PRODUCT_NAME = "$(TARGET_NAME)";
				REGISTER_APP_GROUPS = YES;
				STRING_CATALOG_GENERATE_SYMBOLS = YES;
				SWIFT_APPROACHABLE_CONCURRENCY = YES;
				SWIFT_DEFAULT_ACTOR_ISOLATION = MainActor;
				SWIFT_EMIT_LOC_STRINGS = YES;
				SWIFT_UPCOMING_FEATURE_MEMBER_IMPORT_VISIBILITY = YES;
				SWIFT_VERSION = 6.0;
			};
			name = Release;
		};
		A68B3E2C2F19ABCB00F115E4 /* Debug */ = {
			isa = XCBuildConfiguration;
			buildSettings = {
				AUTOMATION_APPLE_EVENTS = NO;
				CODE_SIGN_STYLE = Automatic;
				COMBINE_HIDPI_IMAGES = YES;
				CURRENT_PROJECT_VERSION = 1;
				DEVELOPMENT_TEAM = "";
				ENABLE_APP_SANDBOX = NO;
				ENABLE_HARDENED_RUNTIME = YES;
				ENABLE_RESOURCE_ACCESS_AUDIO_INPUT = NO;
				ENABLE_RESOURCE_ACCESS_CALENDARS = NO;
				ENABLE_RESOURCE_ACCESS_CAMERA = NO;
				ENABLE_RESOURCE_ACCESS_CONTACTS = NO;
				ENABLE_RESOURCE_ACCESS_LOCATION = NO;
				ENABLE_RESOURCE_ACCESS_PHOTO_LIBRARY = NO;
				GENERATE_INFOPLIST_FILE = YES;
				INFOPLIST_FILE = helper/Info.plist;
				INFOPLIST_KEY_CFBundleDisplayName = helper;
				INFOPLIST_KEY_NSHumanReadableCopyright = "";
				LD_RUNPATH_SEARCH_PATHS = "@loader_path/../../../../Frameworks";
				MACOSX_DEPLOYMENT_TARGET = 14.8;
				MARKETING_VERSION = 1.0;
				PRODUCT_BUNDLE_IDENTIFIER = com.srimanachanta.stasis.helper;
				PRODUCT_NAME = "$(TARGET_NAME)";
				REGISTER_APP_GROUPS = YES;
				RUNTIME_EXCEPTION_ALLOW_DYLD_ENVIRONMENT_VARIABLES = NO;
				RUNTIME_EXCEPTION_ALLOW_JIT = NO;
				RUNTIME_EXCEPTION_ALLOW_UNSIGNED_EXECUTABLE_MEMORY = NO;
				RUNTIME_EXCEPTION_DEBUGGING_TOOL = NO;
				RUNTIME_EXCEPTION_DISABLE_EXECUTABLE_PAGE_PROTECTION = NO;
				SKIP_INSTALL = YES;
				STRING_CATALOG_GENERATE_SYMBOLS = YES;
				SWIFT_APPROACHABLE_CONCURRENCY = YES;
				SWIFT_EMIT_LOC_STRINGS = YES;
				SWIFT_UPCOMING_FEATURE_MEMBER_IMPORT_VISIBILITY = YES;
				SWIFT_VERSION = 6.0;
			};
			name = Debug;
		};
		A68B3E2D2F19ABCB00F115E4 /* Release */ = {
			isa = XCBuildConfiguration;
			buildSettings = {
				AUTOMATION_APPLE_EVENTS = NO;
				CODE_SIGN_STYLE = Automatic;
				COMBINE_HIDPI_IMAGES = YES;
				CURRENT_PROJECT_VERSION = 1;
				DEVELOPMENT_TEAM = "";
				ENABLE_APP_SANDBOX = NO;
				ENABLE_HARDENED_RUNTIME = YES;
				ENABLE_RESOURCE_ACCESS_AUDIO_INPUT = NO;
				ENABLE_RESOURCE_ACCESS_CALENDARS = NO;
				ENABLE_RESOURCE_ACCESS_CAMERA = NO;
				ENABLE_RESOURCE_ACCESS_CONTACTS = NO;
				ENABLE_RESOURCE_ACCESS_LOCATION = NO;
				ENABLE_RESOURCE_ACCESS_PHOTO_LIBRARY = NO;
				GENERATE_INFOPLIST_FILE = YES;
				INFOPLIST_FILE = helper/Info.plist;
				INFOPLIST_KEY_CFBundleDisplayName = helper;
				INFOPLIST_KEY_NSHumanReadableCopyright = "";
				LD_RUNPATH_SEARCH_PATHS = "@loader_path/../../../../Frameworks";
				MACOSX_DEPLOYMENT_TARGET = 14.8;
				MARKETING_VERSION = 1.0;
				PRODUCT_BUNDLE_IDENTIFIER = com.srimanachanta.stasis.helper;
				PRODUCT_NAME = "$(TARGET_NAME)";
				REGISTER_APP_GROUPS = YES;
				RUNTIME_EXCEPTION_ALLOW_DYLD_ENVIRONMENT_VARIABLES = NO;
				RUNTIME_EXCEPTION_ALLOW_JIT = NO;
				RUNTIME_EXCEPTION_ALLOW_UNSIGNED_EXECUTABLE_MEMORY = NO;
				RUNTIME_EXCEPTION_DEBUGGING_TOOL = NO;
				RUNTIME_EXCEPTION_DISABLE_EXECUTABLE_PAGE_PROTECTION = NO;
				SKIP_INSTALL = YES;
				STRING_CATALOG_GENERATE_SYMBOLS = YES;
				SWIFT_APPROACHABLE_CONCURRENCY = YES;
				SWIFT_EMIT_LOC_STRINGS = YES;
				SWIFT_UPCOMING_FEATURE_MEMBER_IMPORT_VISIBILITY = YES;
				SWIFT_VERSION = 6.0;
			};
			name = Release;
		};
		A6E6D7232F39DD350069CF9F /* Debug */ = {
			isa = XCBuildConfiguration;
			buildSettings = {
				CODE_SIGN_STYLE = Automatic;
				CREATE_INFOPLIST_SECTION_IN_BINARY = YES;
				DEVELOPMENT_TEAM = "";
				ENABLE_APP_SANDBOX = NO;
				ENABLE_HARDENED_RUNTIME = YES;
				GENERATE_INFOPLIST_FILE = YES;
				LD_RUNPATH_SEARCH_PATHS = "@loader_path/../../Frameworks";
				MACOSX_DEPLOYMENT_TARGET = 14.8;
				PRODUCT_BUNDLE_IDENTIFIER = "com.srimanachanta.stasis.charging-helper";
				PRODUCT_NAME = "charging-helper";
				SKIP_INSTALL = YES;
				SWIFT_APPROACHABLE_CONCURRENCY = YES;
				SWIFT_UPCOMING_FEATURE_MEMBER_IMPORT_VISIBILITY = YES;
				SWIFT_VERSION = 6.0;
			};
			name = Debug;
		};
		A6E6D7242F39DD350069CF9F /* Release */ = {
			isa = XCBuildConfiguration;
			buildSettings = {
				CODE_SIGN_STYLE = Automatic;
				CREATE_INFOPLIST_SECTION_IN_BINARY = YES;
				DEVELOPMENT_TEAM = "";
				ENABLE_APP_SANDBOX = NO;
				ENABLE_HARDENED_RUNTIME = YES;
				GENERATE_INFOPLIST_FILE = YES;
				LD_RUNPATH_SEARCH_PATHS = "@loader_path/../../Frameworks";
				MACOSX_DEPLOYMENT_TARGET = 14.8;
				PRODUCT_BUNDLE_IDENTIFIER = "com.srimanachanta.stasis.charging-helper";
				PRODUCT_NAME = "charging-helper";
				SKIP_INSTALL = YES;
				SWIFT_APPROACHABLE_CONCURRENCY = YES;
				SWIFT_UPCOMING_FEATURE_MEMBER_IMPORT_VISIBILITY = YES;
				SWIFT_VERSION = 6.0;
			};
			name = Release;
		};
/* End XCBuildConfiguration section */

/* Begin XCConfigurationList section */
		A66D62D62F44067C00B996E7 /* Build configuration list for PBXNativeTarget "smc-power" */ = {
			isa = XCConfigurationList;
			buildConfigurations = (
				A66D62D72F44067C00B996E7 /* Debug */,
				A66D62D82F44067C00B996E7 /* Release */,
			);
			defaultConfigurationIsVisible = 0;
			defaultConfigurationName = Release;
		};
		A68B3E072F19AB4B00F115E4 /* Build configuration list for PBXProject "stasis" */ = {
			isa = XCConfigurationList;
			buildConfigurations = (
				A68B3E152F19AB4C00F115E4 /* Debug */,
				A68B3E162F19AB4C00F115E4 /* Release */,
			);
			defaultConfigurationIsVisible = 0;
			defaultConfigurationName = Release;
		};
		A68B3E172F19AB4C00F115E4 /* Build configuration list for PBXNativeTarget "stasis" */ = {
			isa = XCConfigurationList;
			buildConfigurations = (
				A68B3E182F19AB4C00F115E4 /* Debug */,
				A68B3E192F19AB4C00F115E4 /* Release */,
			);
			defaultConfigurationIsVisible = 0;
			defaultConfigurationName = Release;
		};
		A68B3E2B2F19ABCB00F115E4 /* Build configuration list for PBXNativeTarget "helper" */ = {
			isa = XCConfigurationList;
			buildConfigurations = (
				A68B3E2C2F19ABCB00F115E4 /* Debug */,
				A68B3E2D2F19ABCB00F115E4 /* Release */,
			);
			defaultConfigurationIsVisible = 0;
			defaultConfigurationName = Release;
		};
		A6E6D7222F39DD350069CF9F /* Build configuration list for PBXNativeTarget "charging-helper" */ = {
			isa = XCConfigurationList;
			buildConfigurations = (
				A6E6D7232F39DD350069CF9F /* Debug */,
				A6E6D7242F39DD350069CF9F /* Release */,
			);
			defaultConfigurationIsVisible = 0;
			defaultConfigurationName = Release;
		};
/* End XCConfigurationList section */

/* Begin XCRemoteSwiftPackageReference section */
		A6638F7F2F1C0FD60047FA8E /* XCRemoteSwiftPackageReference "Defaults" */ = {
			isa = XCRemoteSwiftPackageReference;
			repositoryURL = "https://github.com/sindresorhus/Defaults";
			requirement = {
				kind = upToNextMajorVersion;
				minimumVersion = 9.0.6;
			};
		};
		A6ECE4EC2F39E247007F3EDF /* XCRemoteSwiftPackageReference "SMCKit" */ = {
			isa = XCRemoteSwiftPackageReference;
			repositoryURL = "https://github.com/srimanachanta/SMCKit";
			requirement = {
				branch = main;
				kind = branch;
			};
		};
/* End XCRemoteSwiftPackageReference section */

/* Begin XCSwiftPackageProductDependency section */
		A6638F802F1C0FD60047FA8E /* Defaults */ = {
			isa = XCSwiftPackageProductDependency;
			package = A6638F7F2F1C0FD60047FA8E /* XCRemoteSwiftPackageReference "Defaults" */;
			productName = Defaults;
		};
		A66D62E12F44076F00B996E7 /* SMCKit */ = {
			isa = XCSwiftPackageProductDependency;
			package = A6ECE4EC2F39E247007F3EDF /* XCRemoteSwiftPackageReference "SMCKit" */;
			productName = SMCKit;
		};
/* End XCSwiftPackageProductDependency section */
	};
	rootObject = A68B3E042F19AB4B00F115E4 /* Project object */;
}
