{
  "originHash" : "44b0ebc1562c126b786f3626cb995274f60018ff013515ec2ab2912ecdd60b0f",
  "pins" : [
    {
      "identity" : "defaults",
      "kind" : "remoteSourceControl",
      "location" : "https://github.com/sindresorhus/Defaults",
      "state" : {
        "revision" : "8192b0986611e105355a9433e99bf5c79469fbbd",
        "version" : "9.0.6"
      }
    },
    {
      "identity" : "smckit",
      "kind" : "remoteSourceControl",
      "location" : "https://github.com/srimanachanta/SMCKit",
      "state" : {
        "branch" : "main",
        "revision" : "8286f3b11ad9801405e0be062a07e557fb654019"
      }
    },
    {
      "identity" : "swift-syntax",
      "kind" : "remoteSourceControl",
      "location" : "https://github.com/swiftlang/swift-syntax",
      "state" : {
        "revision" : "4799286537280063c85a32f09884cfbca301b1a1",
        "version" : "602.0.0"
      }
    }
  ],
  "version" : 3
}
